// !$*UTF8*$!
{
	archiveVersion = 1;
	classes = {
	};
	objectVersion = 50;
	objects = {

/* Begin PBXBuildFile section */
		5F2653E7FDCE203D009437C9 /* Pods_ExpandViewAnimation.framework in Frameworks */ = {isa = PBXBuildFile; fileRef = 34202A708EA2CA583A66C69E /* Pods_ExpandViewAnimation.framework */; };
		929FDD95268B1B56004FAD84 /* AppDelegate.swift in Sources */ = {isa = PBXBuildFile; fileRef = 929FDD94268B1B56004FAD84 /* AppDelegate.swift */; };
		929FDD97268B1B56004FAD84 /* SceneDelegate.swift in Sources */ = {isa = PBXBuildFile; fileRef = 929FDD96268B1B56004FAD84 /* SceneDelegate.swift */; };
		929FDD99268B1B56004FAD84 /* ViewController.swift in Sources */ = {isa = PBXBuildFile; fileRef = 929FDD98268B1B56004FAD84 /* ViewController.swift */; };
		929FDD9C268B1B56004FAD84 /* Main.storyboard in Resources */ = {isa = PBXBuildFile; fileRef = 929FDD9A268B1B56004FAD84 /* Main.storyboard */; };
		929FDD9E268B1B58004FAD84 /* Assets.xcassets in Resources */ = {isa = PBXBuildFile; fileRef = 929FDD9D268B1B58004FAD84 /* Assets.xcassets */; };
		929FDDA1268B1B58004FAD84 /* LaunchScreen.storyboard in Resources */ = {isa = PBXBuildFile; fileRef = 929FDD9F268B1B58004FAD84 /* LaunchScreen.storyboard */; };
/* End PBXBuildFile section */

/* Begin PBXFileReference section */
		34202A708EA2CA583A66C69E /* Pods_ExpandViewAnimation.framework */ = {isa = PBXFileReference; explicitFileType = wrapper.framework; includeInIndex = 0; path = Pods_ExpandViewAnimation.framework; sourceTree = BUILT_PRODUCTS_DIR; };
		929FDD91268B1B56004FAD84 /* ExpandViewAnimation.app */ = {isa = PBXFileReference; explicitFileType = wrapper.application; includeInIndex = 0; path = ExpandViewAnimation.app; sourceTree = BUILT_PRODUCTS_DIR; };
		929FDD94268B1B56004FAD84 /* AppDelegate.swift */ = {isa = PBXFileReference; lastKnownFileType = sourcecode.swift; path = AppDelegate.swift; sourceTree = "<group>"; };
		929FDD96268B1B56004FAD84 /* SceneDelegate.swift */ = {isa = PBXFileReference; lastKnownFileType = sourcecode.swift; path = SceneDelegate.swift; sourceTree = "<group>"; };
		929FDD98268B1B56004FAD84 /* ViewController.swift */ = {isa = PBXFileReference; lastKnownFileType = sourcecode.swift; path = ViewController.swift; sourceTree = "<group>"; };
		929FDD9B268B1B56004FAD84 /* Base */ = {isa = PBXFileReference; lastKnownFileType = file.storyboard; name = Base; path = Base.lproj/Main.storyboard; sourceTree = "<group>"; };
		929FDD9D268B1B58004FAD84 /* Assets.xcassets */ = {isa = PBXFileReference; lastKnownFileType = folder.assetcatalog; path = Assets.xcassets; sourceTree = "<group>"; };
		929FDDA0268B1B58004FAD84 /* Base */ = {isa = PBXFileReference; lastKnownFileType = file.storyboard; name = Base; path = Base.lproj/LaunchScreen.storyboard; sourceTree = "<group>"; };
		929FDDA2268B1B58004FAD84 /* Info.plist */ = {isa = PBXFileReference; lastKnownFileType = text.plist.xml; path = Info.plist; sourceTree = "<group>"; };
		B4FC2A9EC9FD298AB5301D7B /* Pods-ExpandViewAnimation.debug.xcconfig */ = {isa = PBXFileReference; includeInIndex = 1; lastKnownFileType = text.xcconfig; name = "Pods-ExpandViewAnimation.debug.xcconfig"; path = "Target Support Files/Pods-ExpandViewAnimation/Pods-ExpandViewAnimation.debug.xcconfig"; sourceTree = "<group>"; };
		B51DF5E9FEF419AED72BCFCD /* Pods-ExpandViewAnimation.release.xcconfig */ = {isa = PBXFileReference; includeInIndex = 1; lastKnownFileType = text.xcconfig; name = "Pods-ExpandViewAnimation.release.xcconfig"; path = "Target Support Files/Pods-ExpandViewAnimation/Pods-ExpandViewAnimation.release.xcconfig"; sourceTree = "<group>"; };
/* End PBXFileReference section */

/* Begin PBXFrameworksBuildPhase section */
		929FDD8E268B1B56004FAD84 /* Frameworks */ = {
			isa = PBXFrameworksBuildPhase;
			buildActionMask = 2147483647;
			files = (
				5F2653E7FDCE203D009437C9 /* Pods_ExpandViewAnimation.framework in Frameworks */,
			);
			runOnlyForDeploymentPostprocessing = 0;
		};
/* End PBXFrameworksBuildPhase section */

/* Begin PBXGroup section */
		22ADAFF82ED34B1477C01AEA /* Pods */ = {
			isa = PBXGroup;
			children = (
				B4FC2A9EC9FD298AB5301D7B /* Pods-ExpandViewAnimation.debug.xcconfig */,
				B51DF5E9FEF419AED72BCFCD /* Pods-ExpandViewAnimation.release.xcconfig */,
			);
			name = Pods;
			path = Pods;
			sourceTree = "<group>";
		};
		5E0862926C3297666C0D523E /* Frameworks */ = {
			isa = PBXGroup;
			children = (
				34202A708EA2CA583A66C69E /* Pods_ExpandViewAnimation.framework */,
			);
			name = Frameworks;
			sourceTree = "<group>";
		};
		929FDD88268B1B56004FAD84 = {
			isa = PBXGroup;
			children = (
				929FDD93268B1B56004FAD84 /* ExpandViewAnimation */,
				929FDD92268B1B56004FAD84 /* Products */,
				22ADAFF82ED34B1477C01AEA /* Pods */,
				5E0862926C3297666C0D523E /* Frameworks */,
			);
			sourceTree = "<group>";
		};
		929FDD92268B1B56004FAD84 /* Products */ = {
			isa = PBXGroup;
			children = (
				929FDD91268B1B56004FAD84 /* ExpandViewAnimation.app */,
			);
			name = Products;
			sourceTree = "<group>";
		};
		929FDD93268B1B56004FAD84 /* ExpandViewAnimation */ = {
			isa = PBXGroup;
			children = (
				929FDDA2268B1B58004FAD84 /* Info.plist */,
				929FDDAA268B1B81004FAD84 /* Resources */,
				929FDDA9268B1B72004FAD84 /* Supports */,
				929FDD98268B1B56004FAD84 /* ViewController.swift */,
			);
			path = ExpandViewAnimation;
			sourceTree = "<group>";
		};
		929FDDA9268B1B72004FAD84 /* Supports */ = {
			isa = PBXGroup;
			children = (
				929FDD94268B1B56004FAD84 /* AppDelegate.swift */,
				929FDD96268B1B56004FAD84 /* SceneDelegate.swift */,
			);
			path = Supports;
			sourceTree = "<group>";
		};
		929FDDAA268B1B81004FAD84 /* Resources */ = {
			isa = PBXGroup;
			children = (
				929FDD9A268B1B56004FAD84 /* Main.storyboard */,
				929FDD9D268B1B58004FAD84 /* Assets.xcassets */,
				929FDD9F268B1B58004FAD84 /* LaunchScreen.storyboard */,
			);
			path = Resources;
			sourceTree = "<group>";
		};
/* End PBXGroup section */

/* Begin PBXNativeTarget section */
		929FDD90268B1B56004FAD84 /* ExpandViewAnimation */ = {
			isa = PBXNativeTarget;
			buildConfigurationList = 929FDDA5268B1B58004FAD84 /* Build configuration list for PBXNativeTarget "ExpandViewAnimation" */;
			buildPhases = (
				3017640F88E4268E05788EBE /* [CP] Check Pods Manifest.lock */,
				929FDD8D268B1B56004FAD84 /* Sources */,
				929FDD8E268B1B56004FAD84 /* Frameworks */,
				929FDD8F268B1B56004FAD84 /* Resources */,
				6EC047949143B3709590E843 /* [CP] Embed Pods Frameworks */,
			);
			buildRules = (
			);
			dependencies = (
			);
			name = ExpandViewAnimation;
			productName = ExpandViewAnimation;
			productReference = 929FDD91268B1B56004FAD84 /* ExpandViewAnimation.app */;
			productType = "com.apple.product-type.application";
		};
/* End PBXNativeTarget section */

/* Begin PBXProject section */
		929FDD89268B1B56004FAD84 /* Project object */ = {
			isa = PBXProject;
			attributes = {
				LastSwiftUpdateCheck = 1240;
				LastUpgradeCheck = 1240;
				TargetAttributes = {
					929FDD90268B1B56004FAD84 = {
						CreatedOnToolsVersion = 12.4;
					};
				};
			};
			buildConfigurationList = 929FDD8C268B1B56004FAD84 /* Build configuration list for PBXProject "ExpandViewAnimation" */;
			compatibilityVersion = "Xcode 9.3";
			developmentRegion = en;
			hasScannedForEncodings = 0;
			knownRegions = (
				en,
				Base,
			);
			mainGroup = 929FDD88268B1B56004FAD84;
			productRefGroup = 929FDD92268B1B56004FAD84 /* Products */;
			projectDirPath = "";
			projectRoot = "";
			targets = (
				929FDD90268B1B56004FAD84 /* ExpandViewAnimation */,
			);
		};
/* End PBXProject section */

/* Begin PBXResourcesBuildPhase section */
		929FDD8F268B1B56004FAD84 /* Resources */ = {
			isa = PBXResourcesBuildPhase;
			buildActionMask = 2147483647;
			files = (
				929FDDA1268B1B58004FAD84 /* LaunchScreen.storyboard in Resources */,
				929FDD9E268B1B58004FAD84 /* Assets.xcassets in Resources */,
				929FDD9C268B1B56004FAD84 /* Main.storyboard in Resources */,
			);
			runOnlyForDeploymentPostprocessing = 0;
		};
/* End PBXResourcesBuildPhase section */

/* Begin PBXShellScriptBuildPhase section */
		3017640F88E4268E05788EBE /* [CP] Check Pods Manifest.lock */ = {
			isa = PBXShellScriptBuildPhase;
			buildActionMask = 2147483647;
			files = (
			);
			inputFileListPaths = (
			);
			inputPaths = (
				"${PODS_PODFILE_DIR_PATH}/Podfile.lock",
				"${PODS_ROOT}/Manifest.lock",
			);
			name = "[CP] Check Pods Manifest.lock";
			outputFileListPaths = (
			);
			outputPaths = (
				"$(DERIVED_FILE_DIR)/Pods-ExpandViewAnimation-checkManifestLockResult.txt",
			);
			runOnlyForDeploymentPostprocessing = 0;
			shellPath = /bin/sh;
			shellScript = "diff \"${PODS_PODFILE_DIR_PATH}/Podfile.lock\" \"${PODS_ROOT}/Manifest.lock\" > /dev/null\nif [ $? != 0 ] ; then\n    # print error to STDERR\n    echo \"error: The sandbox is not in sync with the Podfile.lock. Run 'pod install' or update your CocoaPods installation.\" >&2\n    exit 1\nfi\n# This output is used by Xcode 'outputs' to avoid re-running this script phase.\necho \"SUCCESS\" > \"${SCRIPT_OUTPUT_FILE_0}\"\n";
			showEnvVarsInLog = 0;
		};
		6EC047949143B3709590E843 /* [CP] Embed Pods Frameworks */ = {
			isa = PBXShellScriptBuildPhase;
			buildActionMask = 2147483647;
			files = (
			);
			inputFileListPaths = (
				"${PODS_ROOT}/Target Support Files/Pods-ExpandViewAnimation/Pods-ExpandViewAnimation-frameworks-${CONFIGURATION}-input-files.xcfilelist",
			);
			name = "[CP] Embed Pods Frameworks";
			outputFileListPaths = (
				"${PODS_ROOT}/Target Support Files/Pods-ExpandViewAnimation/Pods-ExpandViewAnimation-frameworks-${CONFIGURATION}-output-files.xcfilelist",
			);
			runOnlyForDeploymentPostprocessing = 0;
			shellPath = /bin/sh;
			shellScript = "\"${PODS_ROOT}/Target Support Files/Pods-ExpandViewAnimation/Pods-ExpandViewAnimation-frameworks.sh\"\n";
			showEnvVarsInLog = 0;
		};
/* End PBXShellScriptBuildPhase section */

/* Begin PBXSourcesBuildPhase section */
		929FDD8D268B1B56004FAD84 /* Sources */ = {
			isa = PBXSourcesBuildPhase;
			buildActionMask = 2147483647;
			files = (
				929FDD99268B1B56004FAD84 /* ViewController.swift in Sources */,
				929FDD95268B1B56004FAD84 /* AppDelegate.swift in Sources */,
				929FDD97268B1B56004FAD84 /* SceneDelegate.swift in Sources */,
			);
			runOnlyForDeploymentPostprocessing = 0;
		};
/* End PBXSourcesBuildPhase section */

/* Begin PBXVariantGroup section */
		929FDD9A268B1B56004FAD84 /* Main.storyboard */ = {
			isa = PBXVariantGroup;
			children = (
				929FDD9B268B1B56004FAD84 /* Base */,
			);
			name = Main.storyboard;
			sourceTree = "<group>";
		};
		929FDD9F268B1B58004FAD84 /* LaunchScreen.storyboard */ = {
			isa = PBXVariantGroup;
			children = (
				929FDDA0268B1B58004FAD84 /* Base */,
			);
			name = LaunchScreen.storyboard;
			sourceTree = "<group>";
		};
/* End PBXVariantGroup section */

/* Begin XCBuildConfiguration section */
		929FDDA3268B1B58004FAD84 /* Debug */ = {
			isa = XCBuildConfiguration;
			buildSettings = {
				ALWAYS_SEARCH_USER_PATHS = NO;
				CLANG_ANALYZER_NONNULL = YES;
				CLANG_ANALYZER_NUMBER_OBJECT_CONVERSION = YES_AGGRESSIVE;
				CLANG_CXX_LANGUAGE_STANDARD = "gnu++14";
				CLANG_CXX_LIBRARY = "libc++";
				CLANG_ENABLE_MODULES = YES;
				CLANG_ENABLE_OBJC_ARC = YES;
				CLANG_ENABLE_OBJC_WEAK = YES;
				CLANG_WARN_BLOCK_CAPTURE_AUTORELEASING = YES;
				CLANG_WARN_BOOL_CONVERSION = YES;
				CLANG_WARN_COMMA = YES;
				CLANG_WARN_CONSTANT_CONVERSION = YES;
				CLANG_WARN_DEPRECATED_OBJC_IMPLEMENTATIONS = YES;
				CLANG_WARN_DIRECT_OBJC_ISA_USAGE = YES_ERROR;
				CLANG_WARN_DOCUMENTATION_COMMENTS = YES;
				CLANG_WARN_EMPTY_BODY = YES;
				CLANG_WARN_ENUM_CONVERSION = YES;
				CLANG_WARN_INFINITE_RECURSION = YES;
				CLANG_WARN_INT_CONVERSION = YES;
				CLANG_WARN_NON_LITERAL_NULL_CONVERSION = YES;
				CLANG_WARN_OBJC_IMPLICIT_RETAIN_SELF = YES;
				CLANG_WARN_OBJC_LITERAL_CONVERSION = YES;
				CLANG_WARN_OBJC_ROOT_CLASS = YES_ERROR;
				CLANG_WARN_QUOTED_INCLUDE_IN_FRAMEWORK_HEADER = YES;
				CLANG_WARN_RANGE_LOOP_ANALYSIS = YES;
				CLANG_WARN_STRICT_PROTOTYPES = YES;
				CLANG_WARN_SUSPICIOUS_MOVE = YES;
				CLANG_WARN_UNGUARDED_AVAILABILITY = YES_AGGRESSIVE;
				CLANG_WARN_UNREACHABLE_CODE = YES;
				CLANG_WARN__DUPLICATE_METHOD_MATCH = YES;
				COPY_PHASE_STRIP = NO;
				DEBUG_INFORMATION_FORMAT = dwarf;
				ENABLE_STRICT_OBJC_MSGSEND = YES;
				ENABLE_TESTABILITY = YES;
				GCC_C_LANGUAGE_STANDARD = gnu11;
				GCC_DYNAMIC_NO_PIC = NO;
				GCC_NO_COMMON_BLOCKS = YES;
				GCC_OPTIMIZATION_LEVEL = 0;
				GCC_PREPROCESSOR_DEFINITIONS = (
					"DEBUG=1",
					"$(inherited)",
				);
				GCC_WARN_64_TO_32_BIT_CONVERSION = YES;
				GCC_WARN_ABOUT_RETURN_TYPE = YES_ERROR;
				GCC_WARN_UNDECLARED_SELECTOR = YES;
				GCC_WARN_UNINITIALIZED_AUTOS = YES_AGGRESSIVE;
				GCC_WARN_UNUSED_FUNCTION = YES;
				GCC_WARN_UNUSED_VARIABLE = YES;
				IPHONEOS_DEPLOYMENT_TARGET = 14.4;
				MTL_ENABLE_DEBUG_INFO = INCLUDE_SOURCE;
				MTL_FAST_MATH = YES;
				ONLY_ACTIVE_ARCH = YES;
				SDKROOT = iphoneos;
				SWIFT_ACTIVE_COMPILATION_CONDITIONS = DEBUG;
				SWIFT_OPTIMIZATION_LEVEL = "-Onone";
			};
			name = Debug;
		};
		929FDDA4268B1B58004FAD84 /* Release */ = {
			isa = XCBuildConfiguration;
			buildSettings = {
				ALWAYS_SEARCH_USER_PATHS = NO;
				CLANG_ANALYZER_NONNULL = YES;
				CLANG_ANALYZER_NUMBER_OBJECT_CONVERSION = YES_AGGRESSIVE;
				CLANG_CXX_LANGUAGE_STANDARD = "gnu++14";
				CLANG_CXX_LIBRARY = "libc++";
				CLANG_ENABLE_MODULES = YES;
				CLANG_ENABLE_OBJC_ARC = YES;
				CLANG_ENABLE_OBJC_WEAK = YES;
				CLANG_WARN_BLOCK_CAPTURE_AUTORELEASING = YES;
				CLANG_WARN_BOOL_CONVERSION = YES;
				CLANG_WARN_COMMA = YES;
				CLANG_WARN_CONSTANT_CONVERSION = YES;
				CLANG_WARN_DEPRECATED_OBJC_IMPLEMENTATIONS = YES;
				CLANG_WARN_DIRECT_OBJC_ISA_USAGE = YES_ERROR;
				CLANG_WARN_DOCUMENTATION_COMMENTS = YES;
				CLANG_WARN_EMPTY_BODY = YES;
				CLANG_WARN_ENUM_CONVERSION = YES;
				CLANG_WARN_INFINITE_RECURSION = YES;
				CLANG_WARN_INT_CONVERSION = YES;
				CLANG_WARN_NON_LITERAL_NULL_CONVERSION = YES;
				CLANG_WARN_OBJC_IMPLICIT_RETAIN_SELF = YES;
				CLANG_WARN_OBJC_LITERAL_CONVERSION = YES;
				CLANG_WARN_OBJC_ROOT_CLASS = YES_ERROR;
				CLANG_WARN_QUOTED_INCLUDE_IN_FRAMEWORK_HEADER = YES;
				CLANG_WARN_RANGE_LOOP_ANALYSIS = YES;
				CLANG_WARN_STRICT_PROTOTYPES = YES;
				CLANG_WARN_SUSPICIOUS_MOVE = YES;
				CLANG_WARN_UNGUARDED_AVAILABILITY = YES_AGGRESSIVE;
				CLANG_WARN_UNREACHABLE_CODE = YES;
				CLANG_WARN__DUPLICATE_METHOD_MATCH = YES;
				COPY_PHASE_STRIP = NO;
				DEBUG_INFORMATION_FORMAT = "dwarf-with-dsym";
				ENABLE_NS_ASSERTIONS = NO;
				ENABLE_STRICT_OBJC_MSGSEND = YES;
				GCC_C_LANGUAGE_STANDARD = gnu11;
				GCC_NO_COMMON_BLOCKS = YES;
				GCC_WARN_64_TO_32_BIT_CONVERSION = YES;
				GCC_WARN_ABOUT_RETURN_TYPE = YES_ERROR;
				GCC_WARN_UNDECLARED_SELECTOR = YES;
				GCC_WARN_UNINITIALIZED_AUTOS = YES_AGGRESSIVE;
				GCC_WARN_UNUSED_FUNCTION = YES;
				GCC_WARN_UNUSED_VARIABLE = YES;
				IPHONEOS_DEPLOYMENT_TARGET = 14.4;
				MTL_ENABLE_DEBUG_INFO = NO;
				MTL_FAST_MATH = YES;
				SDKROOT = iphoneos;
				SWIFT_COMPILATION_MODE = wholemodule;
				SWIFT_OPTIMIZATION_LEVEL = "-O";
				VALIDATE_PRODUCT = YES;
			};
			name = Release;
		};
		929FDDA6268B1B58004FAD84 /* Debug */ = {
			isa = XCBuildConfiguration;
			baseConfigurationReference = B4FC2A9EC9FD298AB5301D7B /* Pods-ExpandViewAnimation.debug.xcconfig */;
			buildSettings = {
				ASSETCATALOG_COMPILER_APPICON_NAME = AppIcon;
				ASSETCATALOG_COMPILER_GLOBAL_ACCENT_COLOR_NAME = AccentColor;
				CODE_SIGN_STYLE = Automatic;
				INFOPLIST_FILE = ExpandViewAnimation/Info.plist;
				LD_RUNPATH_SEARCH_PATHS = (
					"$(inherited)",
					"@executable_path/Frameworks",
				);
				PRODUCT_BUNDLE_IDENTIFIER = soyeon.ExpandViewAnimation;
				PRODUCT_NAME = "$(TARGET_NAME)";
				SWIFT_VERSION = 5.0;
				TARGETED_DEVICE_FAMILY = "1,2";
			};
			name = Debug;
		};
		929FDDA7268B1B58004FAD84 /* Release */ = {
			isa = XCBuildConfiguration;
			baseConfigurationReference = B51DF5E9FEF419AED72BCFCD /* Pods-ExpandViewAnimation.release.xcconfig */;
			buildSettings = {
				ASSETCATALOG_COMPILER_APPICON_NAME = AppIcon;
				ASSETCATALOG_COMPILER_GLOBAL_ACCENT_COLOR_NAME = AccentColor;
				CODE_SIGN_STYLE = Automatic;
				INFOPLIST_FILE = ExpandViewAnimation/Info.plist;
				LD_RUNPATH_SEARCH_PATHS = (
					"$(inherited)",
					"@executable_path/Frameworks",
				);
				PRODUCT_BUNDLE_IDENTIFIER = soyeon.ExpandViewAnimation;
				PRODUCT_NAME = "$(TARGET_NAME)";
				SWIFT_VERSION = 5.0;
				TARGETED_DEVICE_FAMILY = "1,2";
			};
			name = Release;
		};
/* End XCBuildConfiguration section */

/* Begin XCConfigurationList section */
		929FDD8C268B1B56004FAD84 /* Build configuration list for PBXProject "ExpandViewAnimation" */ = {
			isa = XCConfigurationList;
			buildConfigurations = (
				929FDDA3268B1B58004FAD84 /* Debug */,
				929FDDA4268B1B58004FAD84 /* Release */,
			);
			defaultConfigurationIsVisible = 0;
			defaultConfigurationName = Release;
		};
		929FDDA5268B1B58004FAD84 /* Build configuration list for PBXNativeTarget "ExpandViewAnimation" */ = {
			isa = XCConfigurationList;
			buildConfigurations = (
				929FDDA6268B1B58004FAD84 /* Debug */,
				929FDDA7268B1B58004FAD84 /* Release */,
			);
			defaultConfigurationIsVisible = 0;
			defaultConfigurationName = Release;
		};
/* End XCConfigurationList section */
	};
	rootObject = 929FDD89268B1B56004FAD84 /* Project object */;
}
